// !$*UTF8*$!
{
	archiveVersion = 1;
	classes = {
	};
	objectVersion = 77;
	objects = {

/* Begin PBXBuildFile section */
		075C594D2494B73660216F11 /* FolderTreeView.swift in Sources */ = {isa = PBXBuildFile; fileRef = E66120F7A687EF8876BC82EF /* FolderTreeView.swift */; };
		1FE3B64B3702A6E2A355FAB8 /* ImageLoader.swift in Sources */ = {isa = PBXBuildFile; fileRef = 34342F02DD8FE4E51745ADA2 /* ImageLoader.swift */; };
		3076714F1E6D4C3B293FAFF7 /* EXIFReader.swift in Sources */ = {isa = PBXBuildFile; fileRef = 2D80D0ACD8B4D6EA029A9C60 /* EXIFReader.swift */; };
		3160D466B04697CD3D25B3AE /* FrameFlowApp.swift in Sources */ = {isa = PBXBuildFile; fileRef = A45A44B1CDE8ECEB6AA4A40C /* FrameFlowApp.swift */; };
		33DE5BE20257A57627D23AAC /* RAWProcessor.swift in Sources */ = {isa = PBXBuildFile; fileRef = 153BC18108AC4F1FA3712A5E /* RAWProcessor.swift */; };
		366C40637C306DE578C391F3 /* SidebarView.swift in Sources */ = {isa = PBXBuildFile; fileRef = 26976A15FF1CA281B8671A8C /* SidebarView.swift */; };
		38BBC7C4F4D9BDEC61D8D1C2 /* ZoomableImageView.swift in Sources */ = {isa = PBXBuildFile; fileRef = 49AE5E9E51D961A915DC23A7 /* ZoomableImageView.swift */; };
		3E9F9D6555A3B0F7FC83D696 /* Logos in Resources */ = {isa = PBXBuildFile; fileRef = 74ACB7CE703F15B4C2133B45 /* Logos */; };
		58CDE95F59676E85BF8D5ED3 /* MainWindow.swift in Sources */ = {isa = PBXBuildFile; fileRef = 6514109D806E75EE82417356 /* MainWindow.swift */; };
		5D7781D44A917477C0FB13FE /* StarRatingStore.swift in Sources */ = {isa = PBXBuildFile; fileRef = 9C75AEF3166A431893D61B1A /* StarRatingStore.swift */; };
		7446F7F88DF954A1CB2B5725 /* FolderHistory.swift in Sources */ = {isa = PBXBuildFile; fileRef = 30C0F7990538973DA37DB961 /* FolderHistory.swift */; };
		74658CD412C37E0BA07E78F0 /* SupportedFormats.swift in Sources */ = {isa = PBXBuildFile; fileRef = 5640AB9A96CD24A5E8AEB224 /* SupportedFormats.swift */; };
		8F7ABC0692A609EF9222037A /* ThumbnailCell.swift in Sources */ = {isa = PBXBuildFile; fileRef = E4830C1B053004886EA2C6DB /* ThumbnailCell.swift */; };
		BB14A6904E630C83533B3607 /* ThumbnailGridView.swift in Sources */ = {isa = PBXBuildFile; fileRef = 7D7A00FBBE3BFCC1853C398E /* ThumbnailGridView.swift */; };
		BD9CC8EC06C5A78274080A1E /* ImageViewerView.swift in Sources */ = {isa = PBXBuildFile; fileRef = EC0EEF9769DAB6FE5D58A95D /* ImageViewerView.swift */; };
		C9A622C708DCEC2A52D0C943 /* FrameExportView.swift in Sources */ = {isa = PBXBuildFile; fileRef = D180F718541ACDEE5AE0DB26 /* FrameExportView.swift */; };
		DE351EBC744D2359E2187DDD /* HistoryListView.swift in Sources */ = {isa = PBXBuildFile; fileRef = A09604DA7A31EAC3180E08F4 /* HistoryListView.swift */; };
		E2ECDBDE7768152B25E003C7 /* FolderScanner.swift in Sources */ = {isa = PBXBuildFile; fileRef = 029C0C3A408AFC4546F39743 /* FolderScanner.swift */; };
		E5A8C0FF1092F9179F791134 /* StarRatingView.swift in Sources */ = {isa = PBXBuildFile; fileRef = 0CAEE852A9AE599A0C40D2ED /* StarRatingView.swift */; };
		E6D9A119664EA164E8DC5E32 /* ToastView.swift in Sources */ = {isa = PBXBuildFile; fileRef = 0E189D8A514A88F517C6A4CA /* ToastView.swift */; };
		E7A9AD1D46DEA1D0F73B9488 /* ImageItem.swift in Sources */ = {isa = PBXBuildFile; fileRef = 862D92E0A3C15AF922FC39E8 /* ImageItem.swift */; };
		F99BB6146907623AFA21DF9E /* FrameRenderer.swift in Sources */ = {isa = PBXBuildFile; fileRef = 3AB2E234706D30734FC5700E /* FrameRenderer.swift */; };
		FAD1D91EFEF6D6B27DFC3D80 /* FolderNode.swift in Sources */ = {isa = PBXBuildFile; fileRef = C62DA4B7C4BA987630E97DEA /* FolderNode.swift */; };
/* End PBXBuildFile section */

/* Begin PBXFileReference section */
		029C0C3A408AFC4546F39743 /* FolderScanner.swift */ = {isa = PBXFileReference; lastKnownFileType = sourcecode.swift; path = FolderScanner.swift; sourceTree = "<group>"; };
		0CAEE852A9AE599A0C40D2ED /* StarRatingView.swift */ = {isa = PBXFileReference; lastKnownFileType = sourcecode.swift; path = StarRatingView.swift; sourceTree = "<group>"; };
		0E189D8A514A88F517C6A4CA /* ToastView.swift */ = {isa = PBXFileReference; lastKnownFileType = sourcecode.swift; path = ToastView.swift; sourceTree = "<group>"; };
		153BC18108AC4F1FA3712A5E /* RAWProcessor.swift */ = {isa = PBXFileReference; lastKnownFileType = sourcecode.swift; path = RAWProcessor.swift; sourceTree = "<group>"; };
		26976A15FF1CA281B8671A8C /* SidebarView.swift */ = {isa = PBXFileReference; lastKnownFileType = sourcecode.swift; path = SidebarView.swift; sourceTree = "<group>"; };
		2889F6E767CCE3EFEE8C5C34 /* Info.plist */ = {isa = PBXFileReference; lastKnownFileType = text.plist; path = Info.plist; sourceTree = "<group>"; };
		2D80D0ACD8B4D6EA029A9C60 /* EXIFReader.swift */ = {isa = PBXFileReference; lastKnownFileType = sourcecode.swift; path = EXIFReader.swift; sourceTree = "<group>"; };
		30C0F7990538973DA37DB961 /* FolderHistory.swift */ = {isa = PBXFileReference; lastKnownFileType = sourcecode.swift; path = FolderHistory.swift; sourceTree = "<group>"; };
		34342F02DD8FE4E51745ADA2 /* ImageLoader.swift */ = {isa = PBXFileReference; lastKnownFileType = sourcecode.swift; path = ImageLoader.swift; sourceTree = "<group>"; };
		3AB2E234706D30734FC5700E /* FrameRenderer.swift */ = {isa = PBXFileReference; lastKnownFileType = sourcecode.swift; path = FrameRenderer.swift; sourceTree = "<group>"; };
		49AE5E9E51D961A915DC23A7 /* ZoomableImageView.swift */ = {isa = PBXFileReference; lastKnownFileType = sourcecode.swift; path = ZoomableImageView.swift; sourceTree = "<group>"; };
		5640AB9A96CD24A5E8AEB224 /* SupportedFormats.swift */ = {isa = PBXFileReference; lastKnownFileType = sourcecode.swift; path = SupportedFormats.swift; sourceTree = "<group>"; };
		6514109D806E75EE82417356 /* MainWindow.swift */ = {isa = PBXFileReference; lastKnownFileType = sourcecode.swift; path = MainWindow.swift; sourceTree = "<group>"; };
		74ACB7CE703F15B4C2133B45 /* Logos */ = {isa = PBXFileReference; lastKnownFileType = folder; name = Logos; path = FrameFlow/Resources/Logos; sourceTree = SOURCE_ROOT; };
		7D7A00FBBE3BFCC1853C398E /* ThumbnailGridView.swift */ = {isa = PBXFileReference; lastKnownFileType = sourcecode.swift; path = ThumbnailGridView.swift; sourceTree = "<group>"; };
		862D92E0A3C15AF922FC39E8 /* ImageItem.swift */ = {isa = PBXFileReference; lastKnownFileType = sourcecode.swift; path = ImageItem.swift; sourceTree = "<group>"; };
		9C75AEF3166A431893D61B1A /* StarRatingStore.swift */ = {isa = PBXFileReference; lastKnownFileType = sourcecode.swift; path = StarRatingStore.swift; sourceTree = "<group>"; };
		A09604DA7A31EAC3180E08F4 /* HistoryListView.swift */ = {isa = PBXFileReference; lastKnownFileType = sourcecode.swift; path = HistoryListView.swift; sourceTree = "<group>"; };
		A45A44B1CDE8ECEB6AA4A40C /* FrameFlowApp.swift */ = {isa = PBXFileReference; lastKnownFileType = sourcecode.swift; path = FrameFlowApp.swift; sourceTree = "<group>"; };
		BE50CAB2B63C07366C00ABD2 /* FrameFlow.app */ = {isa = PBXFileReference; explicitFileType = wrapper.application; includeInIndex = 0; path = FrameFlow.app; sourceTree = BUILT_PRODUCTS_DIR; };
		C62DA4B7C4BA987630E97DEA /* FolderNode.swift */ = {isa = PBXFileReference; lastKnownFileType = sourcecode.swift; path = FolderNode.swift; sourceTree = "<group>"; };
		D180F718541ACDEE5AE0DB26 /* FrameExportView.swift */ = {isa = PBXFileReference; lastKnownFileType = sourcecode.swift; path = FrameExportView.swift; sourceTree = "<group>"; };
		E4830C1B053004886EA2C6DB /* ThumbnailCell.swift */ = {isa = PBXFileReference; lastKnownFileType = sourcecode.swift; path = ThumbnailCell.swift; sourceTree = "<group>"; };
		E66120F7A687EF8876BC82EF /* FolderTreeView.swift */ = {isa = PBXFileReference; lastKnownFileType = sourcecode.swift; path = FolderTreeView.swift; sourceTree = "<group>"; };
		EC0EEF9769DAB6FE5D58A95D /* ImageViewerView.swift */ = {isa = PBXFileReference; lastKnownFileType = sourcecode.swift; path = ImageViewerView.swift; sourceTree = "<group>"; };
		F0DFE4D49471D2C21E519E73 /* FrameFlow.entitlements */ = {isa = PBXFileReference; lastKnownFileType = text.plist.entitlements; path = FrameFlow.entitlements; sourceTree = "<group>"; };
/* End PBXFileReference section */

/* Begin PBXGroup section */
		1DB67317B3CCBEAC5707F5AE /* FrameFlow */ = {
			isa = PBXGroup;
			children = (
				A45A44B1CDE8ECEB6AA4A40C /* FrameFlowApp.swift */,
				3951FEB2BF6352932946FE56 /* Models */,
				8D3180FAB130CF67BFF4D0E6 /* Resources */,
				3FBDB069BE3FD14AA2C39FFB /* Services */,
				44B6E0D6BA3E251563549988 /* Utils */,
				EAFF3A2246E518B748C1897A /* Views */,
			);
			path = FrameFlow;
			sourceTree = "<group>";
		};
		35C2557790ACFC12AF9FE595 /* Components */ = {
			isa = PBXGroup;
			children = (
				0CAEE852A9AE599A0C40D2ED /* StarRatingView.swift */,
				0E189D8A514A88F517C6A4CA /* ToastView.swift */,
			);
			path = Components;
			sourceTree = "<group>";
		};
		3951FEB2BF6352932946FE56 /* Models */ = {
			isa = PBXGroup;
			children = (
				30C0F7990538973DA37DB961 /* FolderHistory.swift */,
				C62DA4B7C4BA987630E97DEA /* FolderNode.swift */,
				862D92E0A3C15AF922FC39E8 /* ImageItem.swift */,
			);
			path = Models;
			sourceTree = "<group>";
		};
		3FBDB069BE3FD14AA2C39FFB /* Services */ = {
			isa = PBXGroup;
			children = (
				2D80D0ACD8B4D6EA029A9C60 /* EXIFReader.swift */,
				029C0C3A408AFC4546F39743 /* FolderScanner.swift */,
				3AB2E234706D30734FC5700E /* FrameRenderer.swift */,
				34342F02DD8FE4E51745ADA2 /* ImageLoader.swift */,
				153BC18108AC4F1FA3712A5E /* RAWProcessor.swift */,
				9C75AEF3166A431893D61B1A /* StarRatingStore.swift */,
			);
			path = Services;
			sourceTree = "<group>";
		};
		44B6E0D6BA3E251563549988 /* Utils */ = {
			isa = PBXGroup;
			children = (
				5640AB9A96CD24A5E8AEB224 /* SupportedFormats.swift */,
			);
			path = Utils;
			sourceTree = "<group>";
		};
		6109884620F49730B770B00D /* Sidebar */ = {
			isa = PBXGroup;
			children = (
				E66120F7A687EF8876BC82EF /* FolderTreeView.swift */,
				A09604DA7A31EAC3180E08F4 /* HistoryListView.swift */,
				26976A15FF1CA281B8671A8C /* SidebarView.swift */,
			);
			path = Sidebar;
			sourceTree = "<group>";
		};
		73D576F18AEE983FF896556C /* Products */ = {
			isa = PBXGroup;
			children = (
				BE50CAB2B63C07366C00ABD2 /* FrameFlow.app */,
			);
			name = Products;
			sourceTree = "<group>";
		};
		8D3180FAB130CF67BFF4D0E6 /* Resources */ = {
			isa = PBXGroup;
			children = (
				F0DFE4D49471D2C21E519E73 /* FrameFlow.entitlements */,
				2889F6E767CCE3EFEE8C5C34 /* Info.plist */,
			);
			path = Resources;
			sourceTree = "<group>";
		};
		A92FAD29DF80117449DA7948 /* Grid */ = {
			isa = PBXGroup;
			children = (
				E4830C1B053004886EA2C6DB /* ThumbnailCell.swift */,
				7D7A00FBBE3BFCC1853C398E /* ThumbnailGridView.swift */,
			);
			path = Grid;
			sourceTree = "<group>";
		};
		BE30BA3EBD1A21F8DFD6FBCC /* Export */ = {
			isa = PBXGroup;
			children = (
				D180F718541ACDEE5AE0DB26 /* FrameExportView.swift */,
			);
			path = Export;
			sourceTree = "<group>";
		};
		DD76AEF7B9928D8D022D0517 = {
			isa = PBXGroup;
			children = (
				74ACB7CE703F15B4C2133B45 /* Logos */,
				1DB67317B3CCBEAC5707F5AE /* FrameFlow */,
				73D576F18AEE983FF896556C /* Products */,
			);
			sourceTree = "<group>";
		};
		E5402B7D2FF16B8C3A4568A9 /* Viewer */ = {
			isa = PBXGroup;
			children = (
				EC0EEF9769DAB6FE5D58A95D /* ImageViewerView.swift */,
				49AE5E9E51D961A915DC23A7 /* ZoomableImageView.swift */,
			);
			path = Viewer;
			sourceTree = "<group>";
		};
		EAFF3A2246E518B748C1897A /* Views */ = {
			isa = PBXGroup;
			children = (
				6514109D806E75EE82417356 /* MainWindow.swift */,
				35C2557790ACFC12AF9FE595 /* Components */,
				BE30BA3EBD1A21F8DFD6FBCC /* Export */,
				A92FAD29DF80117449DA7948 /* Grid */,
				6109884620F49730B770B00D /* Sidebar */,
				E5402B7D2FF16B8C3A4568A9 /* Viewer */,
			);
			path = Views;
			sourceTree = "<group>";
		};
/* End PBXGroup section */

/* Begin PBXNativeTarget section */
		14CDF680FED63A10B6ACE854 /* FrameFlow */ = {
			isa = PBXNativeTarget;
			buildConfigurationList = 7E3F5EAF73008F130ACC43AA /* Build configuration list for PBXNativeTarget "FrameFlow" */;
			buildPhases = (
				5F957C25B1904D0CAAED6E3C /* Sources */,
				F20E8FFF6AE83618838CAF9F /* Resources */,
			);
			buildRules = (
			);
			dependencies = (
			);
			name = FrameFlow;
			packageProductDependencies = (
			);
			productName = FrameFlow;
			productReference = BE50CAB2B63C07366C00ABD2 /* FrameFlow.app */;
			productType = "com.apple.product-type.application";
		};
/* End PBXNativeTarget section */

/* Begin PBXProject section */
		CCC8354CB7DBC425DE12C6F2 /* Project object */ = {
			isa = PBXProject;
			attributes = {
				BuildIndependentTargetsInParallel = YES;
				LastUpgradeCheck = 2700;
				TargetAttributes = {
					14CDF680FED63A10B6ACE854 = {
						ProvisioningStyle = Automatic;
					};
				};
			};
			buildConfigurationList = 8DA4338BF4140C8BF797FE4A /* Build configuration list for PBXProject "FrameFlow" */;
			developmentRegion = en;
			hasScannedForEncodings = 0;
			knownRegions = (
				Base,
				en,
			);
			mainGroup = DD76AEF7B9928D8D022D0517;
			minimizedProjectReferenceProxies = 1;
			preferredProjectObjectVersion = 77;
			productRefGroup = 73D576F18AEE983FF896556C /* Products */;
			projectDirPath = "";
			projectRoot = "";
			targets = (
				14CDF680FED63A10B6ACE854 /* FrameFlow */,
			);
		};
/* End PBXProject section */

/* Begin PBXResourcesBuildPhase section */
		F20E8FFF6AE83618838CAF9F /* Resources */ = {
			isa = PBXResourcesBuildPhase;
			buildActionMask = 2147483647;
			files = (
				3E9F9D6555A3B0F7FC83D696 /* Logos in Resources */,
			);
			runOnlyForDeploymentPostprocessing = 0;
		};
/* End PBXResourcesBuildPhase section */

/* Begin PBXSourcesBuildPhase section */
		5F957C25B1904D0CAAED6E3C /* Sources */ = {
			isa = PBXSourcesBuildPhase;
			buildActionMask = 2147483647;
			files = (
				3076714F1E6D4C3B293FAFF7 /* EXIFReader.swift in Sources */,
				7446F7F88DF954A1CB2B5725 /* FolderHistory.swift in Sources */,
				FAD1D91EFEF6D6B27DFC3D80 /* FolderNode.swift in Sources */,
				E2ECDBDE7768152B25E003C7 /* FolderScanner.swift in Sources */,
				075C594D2494B73660216F11 /* FolderTreeView.swift in Sources */,
				C9A622C708DCEC2A52D0C943 /* FrameExportView.swift in Sources */,
				3160D466B04697CD3D25B3AE /* FrameFlowApp.swift in Sources */,
				F99BB6146907623AFA21DF9E /* FrameRenderer.swift in Sources */,
				DE351EBC744D2359E2187DDD /* HistoryListView.swift in Sources */,
				E7A9AD1D46DEA1D0F73B9488 /* ImageItem.swift in Sources */,
				1FE3B64B3702A6E2A355FAB8 /* ImageLoader.swift in Sources */,
				BD9CC8EC06C5A78274080A1E /* ImageViewerView.swift in Sources */,
				58CDE95F59676E85BF8D5ED3 /* MainWindow.swift in Sources */,
				33DE5BE20257A57627D23AAC /* RAWProcessor.swift in Sources */,
				366C40637C306DE578C391F3 /* SidebarView.swift in Sources */,
				5D7781D44A917477C0FB13FE /* StarRatingStore.swift in Sources */,
				E5A8C0FF1092F9179F791134 /* StarRatingView.swift in Sources */,
				74658CD412C37E0BA07E78F0 /* SupportedFormats.swift in Sources */,
				8F7ABC0692A609EF9222037A /* ThumbnailCell.swift in Sources */,
				BB14A6904E630C83533B3607 /* ThumbnailGridView.swift in Sources */,
				E6D9A119664EA164E8DC5E32 /* ToastView.swift in Sources */,
				38BBC7C4F4D9BDEC61D8D1C2 /* ZoomableImageView.swift in Sources */,
			);
			runOnlyForDeploymentPostprocessing = 0;
		};
/* End PBXSourcesBuildPhase section */

/* Begin XCBuildConfiguration section */
		3A6E5E9CF4C69EBCDDFFB8CF /* Debug */ = {
			isa = XCBuildConfiguration;
			buildSettings = {
				ALWAYS_SEARCH_USER_PATHS = NO;
				CLANG_ANALYZER_NONNULL = YES;
				CLANG_ANALYZER_NUMBER_OBJECT_CONVERSION = YES_AGGRESSIVE;
				CLANG_CXX_LANGUAGE_STANDARD = "gnu++14";
				CLANG_CXX_LIBRARY = "libc++";
				CLANG_ENABLE_MODULES = YES;
				CLANG_ENABLE_OBJC_ARC = YES;
				CLANG_ENABLE_OBJC_WEAK = YES;
				CLANG_WARN_BLOCK_CAPTURE_AUTORELEASING = YES;
				CLANG_WARN_BOOL_CONVERSION = YES;
				CLANG_WARN_COMMA = YES;
				CLANG_WARN_CONSTANT_CONVERSION = YES;
				CLANG_WARN_DEPRECATED_OBJC_IMPLEMENTATIONS = YES;
				CLANG_WARN_DIRECT_OBJC_ISA_USAGE = YES_ERROR;
				CLANG_WARN_DOCUMENTATION_COMMENTS = YES;
				CLANG_WARN_EMPTY_BODY = YES;
				CLANG_WARN_ENUM_CONVERSION = YES;
				CLANG_WARN_INFINITE_RECURSION = YES;
				CLANG_WARN_INT_CONVERSION = YES;
				CLANG_WARN_NON_LITERAL_NULL_CONVERSION = YES;
				CLANG_WARN_OBJC_IMPLICIT_RETAIN_SELF = YES;
				CLANG_WARN_OBJC_LITERAL_CONVERSION = YES;
				CLANG_WARN_OBJC_ROOT_CLASS = YES_ERROR;
				CLANG_WARN_QUOTED_INCLUDE_IN_FRAMEWORK_HEADER = YES;
				CLANG_WARN_RANGE_LOOP_ANALYSIS = YES;
				CLANG_WARN_STRICT_PROTOTYPES = YES;
				CLANG_WARN_SUSPICIOUS_MOVE = YES;
				CLANG_WARN_UNGUARDED_AVAILABILITY = YES_AGGRESSIVE;
				CLANG_WARN_UNREACHABLE_CODE = YES;
				CLANG_WARN__DUPLICATE_METHOD_MATCH = YES;
				COPY_PHASE_STRIP = NO;
				DEBUG_INFORMATION_FORMAT = dwarf;
				ENABLE_STRICT_OBJC_MSGSEND = YES;
				ENABLE_TESTABILITY = YES;
				GCC_C_LANGUAGE_STANDARD = gnu11;
				GCC_DYNAMIC_NO_PIC = NO;
				GCC_NO_COMMON_BLOCKS = YES;
				GCC_OPTIMIZATION_LEVEL = 0;
				GCC_PREPROCESSOR_DEFINITIONS = (
					"$(inherited)",
					"DEBUG=1",
				);
				GCC_WARN_64_TO_32_BIT_CONVERSION = YES;
				GCC_WARN_ABOUT_RETURN_TYPE = YES_ERROR;
				GCC_WARN_UNDECLARED_SELECTOR = YES;
				GCC_WARN_UNINITIALIZED_AUTOS = YES_AGGRESSIVE;
				GCC_WARN_UNUSED_FUNCTION = YES;
				GCC_WARN_UNUSED_VARIABLE = YES;
				MACOSX_DEPLOYMENT_TARGET = 15.0;
				MTL_ENABLE_DEBUG_INFO = INCLUDE_SOURCE;
				MTL_FAST_MATH = YES;
				ONLY_ACTIVE_ARCH = YES;
				PRODUCT_NAME = "$(TARGET_NAME)";
				SDKROOT = macosx;
				SWIFT_ACTIVE_COMPILATION_CONDITIONS = DEBUG;
				SWIFT_OPTIMIZATION_LEVEL = "-Onone";
				SWIFT_STRICT_CONCURRENCY = complete;
				SWIFT_VERSION = 6.0;
			};
			name = Debug;
		};
		43FA79EC2A54EB08C1B9C5A9 /* Release */ = {
			isa = XCBuildConfiguration;
			buildSettings = {
				ASSETCATALOG_COMPILER_APPICON_NAME = AppIcon;
				CODE_SIGN_ENTITLEMENTS = FrameFlow/Resources/FrameFlow.entitlements;
				CODE_SIGN_IDENTITY = "Apple Development";
				CODE_SIGN_STYLE = Automatic;
				COMBINE_HIDPI_IMAGES = YES;
				CURRENT_PROJECT_VERSION = 1;
				GENERATE_INFOPLIST_FILE = YES;
				INFOPLIST_FILE = FrameFlow/Resources/Info.plist;
				INFOPLIST_KEY_CFBundleDisplayName = FrameFlow;
				INFOPLIST_KEY_LSApplicationCategoryType = "public.app-category.photography";
				LD_RUNPATH_SEARCH_PATHS = (
					"$(inherited)",
					"@executable_path/../Frameworks",
				);
				MARKETING_VERSION = 1.0.0;
				PRODUCT_BUNDLE_IDENTIFIER = com.moyu.FrameFlow;
				PRODUCT_NAME = FrameFlow;
				SDKROOT = macosx;
			};
			name = Release;
		};
		6DE7FD972973497BCDC17FE1 /* Release */ = {
			isa = XCBuildConfiguration;
			buildSettings = {
				ALWAYS_SEARCH_USER_PATHS = NO;
				CLANG_ANALYZER_NONNULL = YES;
				CLANG_ANALYZER_NUMBER_OBJECT_CONVERSION = YES_AGGRESSIVE;
				CLANG_CXX_LANGUAGE_STANDARD = "gnu++14";
				CLANG_CXX_LIBRARY = "libc++";
				CLANG_ENABLE_MODULES = YES;
				CLANG_ENABLE_OBJC_ARC = YES;
				CLANG_ENABLE_OBJC_WEAK = YES;
				CLANG_WARN_BLOCK_CAPTURE_AUTORELEASING = YES;
				CLANG_WARN_BOOL_CONVERSION = YES;
				CLANG_WARN_COMMA = YES;
				CLANG_WARN_CONSTANT_CONVERSION = YES;
				CLANG_WARN_DEPRECATED_OBJC_IMPLEMENTATIONS = YES;
				CLANG_WARN_DIRECT_OBJC_ISA_USAGE = YES_ERROR;
				CLANG_WARN_DOCUMENTATION_COMMENTS = YES;
				CLANG_WARN_EMPTY_BODY = YES;
				CLANG_WARN_ENUM_CONVERSION = YES;
				CLANG_WARN_INFINITE_RECURSION = YES;
				CLANG_WARN_INT_CONVERSION = YES;
				CLANG_WARN_NON_LITERAL_NULL_CONVERSION = YES;
				CLANG_WARN_OBJC_IMPLICIT_RETAIN_SELF = YES;
				CLANG_WARN_OBJC_LITERAL_CONVERSION = YES;
				CLANG_WARN_OBJC_ROOT_CLASS = YES_ERROR;
				CLANG_WARN_QUOTED_INCLUDE_IN_FRAMEWORK_HEADER = YES;
				CLANG_WARN_RANGE_LOOP_ANALYSIS = YES;
				CLANG_WARN_STRICT_PROTOTYPES = YES;
				CLANG_WARN_SUSPICIOUS_MOVE = YES;
				CLANG_WARN_UNGUARDED_AVAILABILITY = YES_AGGRESSIVE;
				CLANG_WARN_UNREACHABLE_CODE = YES;
				CLANG_WARN__DUPLICATE_METHOD_MATCH = YES;
				COPY_PHASE_STRIP = NO;
				DEBUG_INFORMATION_FORMAT = "dwarf-with-dsym";
				ENABLE_NS_ASSERTIONS = NO;
				ENABLE_STRICT_OBJC_MSGSEND = YES;
				GCC_C_LANGUAGE_STANDARD = gnu11;
				GCC_NO_COMMON_BLOCKS = YES;
				GCC_WARN_64_TO_32_BIT_CONVERSION = YES;
				GCC_WARN_ABOUT_RETURN_TYPE = YES_ERROR;
				GCC_WARN_UNDECLARED_SELECTOR = YES;
				GCC_WARN_UNINITIALIZED_AUTOS = YES_AGGRESSIVE;
				GCC_WARN_UNUSED_FUNCTION = YES;
				GCC_WARN_UNUSED_VARIABLE = YES;
				MACOSX_DEPLOYMENT_TARGET = 15.0;
				MTL_ENABLE_DEBUG_INFO = NO;
				MTL_FAST_MATH = YES;
				PRODUCT_NAME = "$(TARGET_NAME)";
				SDKROOT = macosx;
				SWIFT_COMPILATION_MODE = wholemodule;
				SWIFT_OPTIMIZATION_LEVEL = "-O";
				SWIFT_STRICT_CONCURRENCY = complete;
				SWIFT_VERSION = 6.0;
			};
			name = Release;
		};
		A91E17D631742C411591F138 /* Debug */ = {
			isa = XCBuildConfiguration;
			buildSettings = {
				ASSETCATALOG_COMPILER_APPICON_NAME = AppIcon;
				CODE_SIGN_ENTITLEMENTS = FrameFlow/Resources/FrameFlow.entitlements;
				CODE_SIGN_IDENTITY = "Apple Development";
				CODE_SIGN_STYLE = Automatic;
				COMBINE_HIDPI_IMAGES = YES;
				CURRENT_PROJECT_VERSION = 1;
				GENERATE_INFOPLIST_FILE = YES;
				INFOPLIST_FILE = FrameFlow/Resources/Info.plist;
				INFOPLIST_KEY_CFBundleDisplayName = FrameFlow;
				INFOPLIST_KEY_LSApplicationCategoryType = "public.app-category.photography";
				LD_RUNPATH_SEARCH_PATHS = (
					"$(inherited)",
					"@executable_path/../Frameworks",
				);
				MARKETING_VERSION = 1.0.0;
				PRODUCT_BUNDLE_IDENTIFIER = com.moyu.FrameFlow;
				PRODUCT_NAME = FrameFlow;
				SDKROOT = macosx;
			};
			name = Debug;
		};
/* End XCBuildConfiguration section */

/* Begin XCConfigurationList section */
		7E3F5EAF73008F130ACC43AA /* Build configuration list for PBXNativeTarget "FrameFlow" */ = {
			isa = XCConfigurationList;
			buildConfigurations = (
				A91E17D631742C411591F138 /* Debug */,
				43FA79EC2A54EB08C1B9C5A9 /* Release */,
			);
			defaultConfigurationIsVisible = 0;
			defaultConfigurationName = Debug;
		};
		8DA4338BF4140C8BF797FE4A /* Build configuration list for PBXProject "FrameFlow" */ = {
			isa = XCConfigurationList;
			buildConfigurations = (
				3A6E5E9CF4C69EBCDDFFB8CF /* Debug */,
				6DE7FD972973497BCDC17FE1 /* Release */,
			);
			defaultConfigurationIsVisible = 0;
			defaultConfigurationName = Debug;
		};
/* End XCConfigurationList section */
	};
	rootObject = CCC8354CB7DBC425DE12C6F2 /* Project object */;
}
